
Microsoft Visual Studio Solution File, Format Version 12.00
# Visual Studio Version 17
VisualStudioVersion = 17.6.33801.468
MinimumVisualStudioVersion = 10.0.40219.1
Project("{9A19103F-16F7-4668-BE54-9A1E7A4F7556}") = "rozhok", "rozhok.csproj", "{8B50CB88-86B3-42F5-881A-F75FAE91D69E}"
EndProject
Project("{2150E333-8FDC-42A3-9474-1A3956D46DE8}") = "Solution Items", "Solution Items", "{7FE7CDAB-F2CF-46E6-886B-C64A1789A538}"
	ProjectSection(SolutionItems) = preProject
		.editorconfig = .editorconfig
	EndProjectSection
EndProject
Global
	GlobalSection(SolutionConfigurationPlatforms) = preSolution
		Debug|Any CPU = Debug|Any CPU
		Release|Any CPU = Release|Any CPU
	EndGlobalSection
	GlobalSection(ProjectConfigurationPlatforms) = postSolution
		{8B50CB88-86B3-42F5-881A-F75FAE91D69E}.Debug|Any CPU.ActiveCfg = Debug|Any CPU
		{8B50CB88-86B3-42F5-881A-F75FAE91D69E}.Debug|Any CPU.Build.0 = Debug|Any CPU
		{8B50CB88-86B3-42F5-881A-F75FAE91D69E}.Release|Any CPU.ActiveCfg = Release|Any CPU
		{8B50CB88-86B3-42F5-881A-F75FAE91D69E}.Release|Any CPU.Build.0 = Release|Any CPU
	EndGlobalSection
	GlobalSection(SolutionProperties) = preSolution
		HideSolutionNode = FALSE
	EndGlobalSection
	GlobalSection(ExtensibilityGlobals) = postSolution
		SolutionGuid = {6205E9AE-C097-4E52-B7FD-224E6249F63F}
	EndGlobalSection
EndGlobal
